
Microsoft Visual Studio Solution File, Format Version 12.00
# Visual Studio Version 16
VisualStudioVersion = 16.0.31624.102
MinimumVisualStudioVersion = 10.0.40219.1
Project("{FAE04EC0-301F-11D3-BF4B-00C04F79EFBC}") = "AspnetMvcCodeSamples", "AspnetMvcCodeSamples\AspnetMvcCodeSamples.csproj", "{2E5F3371-4ABE-45C6-9EF7-E90397C93EDF}"
EndProject
Global
	GlobalSection(SolutionConfigurationPlatforms) = preSolution
		Debug|Any CPU = Debug|Any CPU
		Release|Any CPU = Release|Any CPU
	EndGlobalSection
	GlobalSection(ProjectConfigurationPlatforms) = postSolution
		{2E5F3371-4ABE-45C6-9EF7-E90397C93EDF}.Debug|Any CPU.ActiveCfg = Debug|Any CPU
		{2E5F3371-4ABE-45C6-9EF7-E90397C93EDF}.Debug|Any CPU.Build.0 = Debug|Any CPU
		{2E5F3371-4ABE-45C6-9EF7-E90397C93EDF}.Release|Any CPU.ActiveCfg = Release|Any CPU
		{2E5F3371-4ABE-45C6-9EF7-E90397C93EDF}.Release|Any CPU.Build.0 = Release|Any CPU
	EndGlobalSection
	GlobalSection(SolutionProperties) = preSolution
		HideSolutionNode = FALSE
	EndGlobalSection
	GlobalSection(ExtensibilityGlobals) = postSolution
		SolutionGuid = {74DCE985-781D-45BA-82DE-58C927B5FCCC}
	EndGlobalSection
EndGlobal
